
Microsoft Visual Studio Solution File, Format Version 12.00
# Visual Studio Version 16
VisualStudioVersion = 16.0.31424.327
MinimumVisualStudioVersion = 10.0.40219.1
Project("{9A19103F-16F7-4668-BE54-9A1E7A4F7556}") = "Learn2CodeStartup", "Learn2CodeStartup\Learn2CodeStartup.csproj", "{D0D7E8EA-1BFD-49AB-9B84-BFE6982814C8}"
EndProject
Global
	GlobalSection(SolutionConfigurationPlatforms) = preSolution
		Debug|Any CPU = Debug|Any CPU
		Release|Any CPU = Release|Any CPU
	EndGlobalSection
	GlobalSection(ProjectConfigurationPlatforms) = postSolution
		{D0D7E8EA-1BFD-49AB-9B84-BFE6982814C8}.Debug|Any CPU.ActiveCfg = Debug|Any CPU
		{D0D7E8EA-1BFD-49AB-9B84-BFE6982814C8}.Debug|Any CPU.Build.0 = Debug|Any CPU
		{D0D7E8EA-1BFD-49AB-9B84-BFE6982814C8}.Release|Any CPU.ActiveCfg = Release|Any CPU
		{D0D7E8EA-1BFD-49AB-9B84-BFE6982814C8}.Release|Any CPU.Build.0 = Release|Any CPU
	EndGlobalSection
	GlobalSection(SolutionProperties) = preSolution
		HideSolutionNode = FALSE
	EndGlobalSection
	GlobalSection(ExtensibilityGlobals) = postSolution
		SolutionGuid = {7AF6DB19-8864-467C-A526-E732E9E23A70}
	EndGlobalSection
EndGlobal
